
Microsoft Visual Studio Solution File, Format Version 12.00
Project("{FAE04EC0-301F-11D3-BF4B-00C04F79EFBC}") = "Cwiczenia", "Cwiczenia\Cwiczenia.csproj", "{AAA1A496-196C-4497-901C-C78BC627017B}"
EndProject
Global
	GlobalSection(SolutionConfigurationPlatforms) = preSolution
		Debug|Any CPU = Debug|Any CPU
		Release|Any CPU = Release|Any CPU
	EndGlobalSection
	GlobalSection(ProjectConfigurationPlatforms) = postSolution
		{AAA1A496-196C-4497-901C-C78BC627017B}.Debug|Any CPU.ActiveCfg = Debug|Any CPU
		{AAA1A496-196C-4497-901C-C78BC627017B}.Debug|Any CPU.Build.0 = Debug|Any CPU
		{AAA1A496-196C-4497-901C-C78BC627017B}.Release|Any CPU.ActiveCfg = Release|Any CPU
		{AAA1A496-196C-4497-901C-C78BC627017B}.Release|Any CPU.Build.0 = Release|Any CPU
	EndGlobalSection
EndGlobal
