
Microsoft Visual Studio Solution File, Format Version 12.00
Project("{FAE04EC0-301F-11D3-BF4B-00C04F79EFBC}") = "TikTakToke", "TikTakToke\TikTakToke.csproj", "{82BA0091-C3C9-4D20-9839-EC3416C922CE}"
EndProject
Global
	GlobalSection(SolutionConfigurationPlatforms) = preSolution
		Debug|Any CPU = Debug|Any CPU
		Release|Any CPU = Release|Any CPU
	EndGlobalSection
	GlobalSection(ProjectConfigurationPlatforms) = postSolution
		{82BA0091-C3C9-4D20-9839-EC3416C922CE}.Debug|Any CPU.ActiveCfg = Debug|Any CPU
		{82BA0091-C3C9-4D20-9839-EC3416C922CE}.Debug|Any CPU.Build.0 = Debug|Any CPU
		{82BA0091-C3C9-4D20-9839-EC3416C922CE}.Release|Any CPU.ActiveCfg = Release|Any CPU
		{82BA0091-C3C9-4D20-9839-EC3416C922CE}.Release|Any CPU.Build.0 = Release|Any CPU
	EndGlobalSection
EndGlobal
