
Microsoft Visual Studio Solution File, Format Version 12.00
Project("{FAE04EC0-301F-11D3-BF4B-00C04F79EFBC}") = "ConsoleApp1", "ConsoleApp1\ConsoleApp1.csproj", "{EA3F32BC-B932-4C91-956E-76A75B374B30}"
EndProject
Global
	GlobalSection(SolutionConfigurationPlatforms) = preSolution
		Debug|Any CPU = Debug|Any CPU
		Release|Any CPU = Release|Any CPU
	EndGlobalSection
	GlobalSection(ProjectConfigurationPlatforms) = postSolution
		{EA3F32BC-B932-4C91-956E-76A75B374B30}.Debug|Any CPU.ActiveCfg = Debug|Any CPU
		{EA3F32BC-B932-4C91-956E-76A75B374B30}.Debug|Any CPU.Build.0 = Debug|Any CPU
		{EA3F32BC-B932-4C91-956E-76A75B374B30}.Release|Any CPU.ActiveCfg = Release|Any CPU
		{EA3F32BC-B932-4C91-956E-76A75B374B30}.Release|Any CPU.Build.0 = Release|Any CPU
	EndGlobalSection
EndGlobal
