
Microsoft Visual Studio Solution File, Format Version 12.00
Project("{FAE04EC0-301F-11D3-BF4B-00C04F79EFBC}") = "handyControls", "handyControls.csproj", "{50C0519E-915F-4724-90DD-78CC3F064D8E}"
EndProject
Global
	GlobalSection(SolutionConfigurationPlatforms) = preSolution
		Debug|Any CPU = Debug|Any CPU
		Release|Any CPU = Release|Any CPU
	EndGlobalSection
	GlobalSection(ProjectConfigurationPlatforms) = postSolution
		{50C0519E-915F-4724-90DD-78CC3F064D8E}.Debug|Any CPU.ActiveCfg = Debug|Any CPU
		{50C0519E-915F-4724-90DD-78CC3F064D8E}.Debug|Any CPU.Build.0 = Debug|Any CPU
		{50C0519E-915F-4724-90DD-78CC3F064D8E}.Release|Any CPU.ActiveCfg = Release|Any CPU
		{50C0519E-915F-4724-90DD-78CC3F064D8E}.Release|Any CPU.Build.0 = Release|Any CPU
	EndGlobalSection
EndGlobal
